
Microsoft Visual Studio Solution File, Format Version 12.00
# Visual Studio Version 17
VisualStudioVersion = 17.6.33801.468
MinimumVisualStudioVersion = 10.0.40219.1
Project("{9A19103F-16F7-4668-BE54-9A1E7A4F7556}") = "Entrytask_Urban", "Entrytask_Urban.csproj", "{A5B91968-56ED-4F16-9847-99DFDB10E4E5}"
EndProject
Global
	GlobalSection(SolutionConfigurationPlatforms) = preSolution
		Debug|Any CPU = Debug|Any CPU
		Release|Any CPU = Release|Any CPU
	EndGlobalSection
	GlobalSection(ProjectConfigurationPlatforms) = postSolution
		{A5B91968-56ED-4F16-9847-99DFDB10E4E5}.Debug|Any CPU.ActiveCfg = Debug|Any CPU
		{A5B91968-56ED-4F16-9847-99DFDB10E4E5}.Debug|Any CPU.Build.0 = Debug|Any CPU
		{A5B91968-56ED-4F16-9847-99DFDB10E4E5}.Release|Any CPU.ActiveCfg = Release|Any CPU
		{A5B91968-56ED-4F16-9847-99DFDB10E4E5}.Release|Any CPU.Build.0 = Release|Any CPU
	EndGlobalSection
	GlobalSection(SolutionProperties) = preSolution
		HideSolutionNode = FALSE
	EndGlobalSection
	GlobalSection(ExtensibilityGlobals) = postSolution
		SolutionGuid = {B745FC5F-F090-42D0-B60C-8E96AEE9E97D}
	EndGlobalSection
EndGlobal
